<Solution>
  <Project Path="WorldRank/src/WorldRank.Application/WorldRank.Application.csproj" />
  <Project Path="WorldRank/src/WorldRank.Console/WorldRank.Console.csproj" />
  <Project Path="WorldRank/src/WorldRank.Domain/WorldRank.Domain.csproj" />
  <Project Path="WorldRank/src/WorldRank.Infrastructure/WorldRank.Infrastructure.csproj" />
</Solution>
